
Microsoft Visual Studio Solution File, Format Version 11.00
# Visual Studio 2010
Project("{888888A0-9F3D-457C-B088-3A5042F75D52}") = "ip_uds_bl", "ip_uds_bl\ip_uds_bl.pyproj", "{3BD7605F-68EF-4246-A07D-3E13BA88D8AF}"
EndProject
Global
	GlobalSection(SolutionConfigurationPlatforms) = preSolution
		Debug|Any CPU = Debug|Any CPU
		Release|Any CPU = Release|Any CPU
	EndGlobalSection
	GlobalSection(ProjectConfigurationPlatforms) = postSolution
		{3BD7605F-68EF-4246-A07D-3E13BA88D8AF}.Debug|Any CPU.ActiveCfg = Debug|Any CPU
		{3BD7605F-68EF-4246-A07D-3E13BA88D8AF}.Release|Any CPU.ActiveCfg = Release|Any CPU
	EndGlobalSection
	GlobalSection(SolutionProperties) = preSolution
		HideSolutionNode = FALSE
	EndGlobalSection
EndGlobal
